
Microsoft Visual Studio Solution File, Format Version 12.00
# Visual Studio Version 17
VisualStudioVersion = 17.14.36202.13 d17.14
MinimumVisualStudioVersion = 10.0.40219.1
Project("{FAE04EC0-301F-11D3-BF4B-00C04F79EFBC}") = "Grade_Calculator", "Grade_Calculator.csproj", "{1196B57F-0BFD-420A-8987-AB6607D21C7A}"
EndProject
Global
	GlobalSection(SolutionConfigurationPlatforms) = preSolution
		Debug|Any CPU = Debug|Any CPU
		Release|Any CPU = Release|Any CPU
	EndGlobalSection
	GlobalSection(ProjectConfigurationPlatforms) = postSolution
		{1196B57F-0BFD-420A-8987-AB6607D21C7A}.Debug|Any CPU.ActiveCfg = Debug|Any CPU
		{1196B57F-0BFD-420A-8987-AB6607D21C7A}.Debug|Any CPU.Build.0 = Debug|Any CPU
		{1196B57F-0BFD-420A-8987-AB6607D21C7A}.Release|Any CPU.ActiveCfg = Release|Any CPU
		{1196B57F-0BFD-420A-8987-AB6607D21C7A}.Release|Any CPU.Build.0 = Release|Any CPU
	EndGlobalSection
	GlobalSection(SolutionProperties) = preSolution
		HideSolutionNode = FALSE
	EndGlobalSection
	GlobalSection(ExtensibilityGlobals) = postSolution
		SolutionGuid = {12590F91-33BE-4B29-BDE3-27F237EB851B}
	EndGlobalSection
EndGlobal
